
Microsoft Visual Studio Solution File, Format Version 12.00
# Visual Studio Version 16
VisualStudioVersion = 16.0.30611.23
MinimumVisualStudioVersion = 10.0.40219.1
Project("{FAE04EC0-301F-11D3-BF4B-00C04F79EFBC}") = "Cwiczenie 2", "Cwiczenie 2\Cwiczenie 2.csproj", "{BF504BA2-26A3-4C60-9949-BCA4230132C4}"
EndProject
Global
	GlobalSection(SolutionConfigurationPlatforms) = preSolution
		Debug|Any CPU = Debug|Any CPU
		Release|Any CPU = Release|Any CPU
	EndGlobalSection
	GlobalSection(ProjectConfigurationPlatforms) = postSolution
		{BF504BA2-26A3-4C60-9949-BCA4230132C4}.Debug|Any CPU.ActiveCfg = Debug|Any CPU
		{BF504BA2-26A3-4C60-9949-BCA4230132C4}.Debug|Any CPU.Build.0 = Debug|Any CPU
		{BF504BA2-26A3-4C60-9949-BCA4230132C4}.Release|Any CPU.ActiveCfg = Release|Any CPU
		{BF504BA2-26A3-4C60-9949-BCA4230132C4}.Release|Any CPU.Build.0 = Release|Any CPU
	EndGlobalSection
	GlobalSection(SolutionProperties) = preSolution
		HideSolutionNode = FALSE
	EndGlobalSection
	GlobalSection(ExtensibilityGlobals) = postSolution
		SolutionGuid = {65B5365B-9CC7-49D6-A836-11FC565E988A}
	EndGlobalSection
EndGlobal
